
Microsoft Visual Studio Solution File, Format Version 12.00
# Visual Studio Version 17
VisualStudioVersion = 17.11.35219.272
MinimumVisualStudioVersion = 10.0.40219.1
Project("{2150E333-8FDC-42A3-9474-1A3956D46DE8}") = "src", "src", "{4C862007-0FFC-48E7-A03A-AA732FB5BF98}"
EndProject
Project("{2150E333-8FDC-42A3-9474-1A3956D46DE8}") = "Application", "Application", "{4E6CD4A8-6C9E-479C-BD08-1E2A142F1FA8}"
EndProject
Project("{2150E333-8FDC-42A3-9474-1A3956D46DE8}") = "Domain", "Domain", "{EC239095-E6BA-4A46-AD17-33E4F859729F}"
EndProject
Project("{2150E333-8FDC-42A3-9474-1A3956D46DE8}") = "Infraestruture", "Infraestruture", "{C17D5B34-EE6B-41D4-8A69-6BDCB59F331F}"
EndProject
Project("{2150E333-8FDC-42A3-9474-1A3956D46DE8}") = "Service", "Service", "{7BACFAB3-F315-4FBF-B7A8-B9E6B48BC82A}"
EndProject
Project("{2150E333-8FDC-42A3-9474-1A3956D46DE8}") = "Utilities", "Utilities", "{992569B1-B4DB-47B8-8197-329B79B2FCB3}"
EndProject
Project("{FAE04EC0-301F-11D3-BF4B-00C04F79EFBC}") = "Pipeline.Domain", "scr\Pipeline.Domain\Pipeline.Domain.csproj", "{6D2D5A70-BFF3-4333-B0C1-6299E892FAB1}"
EndProject
Project("{FAE04EC0-301F-11D3-BF4B-00C04F79EFBC}") = "Pipeline.Infraestructure", "scr\Pipeline.Infraestructure\Pipeline.Infraestructure.csproj", "{BBFFCDB5-0B45-4831-B180-6B3C569C08CB}"
EndProject
Project("{FAE04EC0-301F-11D3-BF4B-00C04F79EFBC}") = "Pipeline.Utilities", "scr\Pipeline.Utilities\Pipeline.Utilities.csproj", "{043B25B1-AAA1-4261-BE0F-57F25E220BAA}"
EndProject
Project("{FAE04EC0-301F-11D3-BF4B-00C04F79EFBC}") = "Pipeline.Application", "scr\Pipeline.Application\Pipeline.Application.csproj", "{C1B069B6-3920-42F5-B5AF-C6526533BBA2}"
EndProject
Project("{FAE04EC0-301F-11D3-BF4B-00C04F79EFBC}") = "Pipeline.Api", "scr\Pipeline.Api\Pipeline.Api.csproj", "{7BCE0554-E8F2-43EA-B4F9-13E8A697D061}"
EndProject
Global
	GlobalSection(SolutionConfigurationPlatforms) = preSolution
		Debug|Any CPU = Debug|Any CPU
		Release|Any CPU = Release|Any CPU
	EndGlobalSection
	GlobalSection(ProjectConfigurationPlatforms) = postSolution
		{6D2D5A70-BFF3-4333-B0C1-6299E892FAB1}.Debug|Any CPU.ActiveCfg = Debug|Any CPU
		{6D2D5A70-BFF3-4333-B0C1-6299E892FAB1}.Debug|Any CPU.Build.0 = Debug|Any CPU
		{6D2D5A70-BFF3-4333-B0C1-6299E892FAB1}.Release|Any CPU.ActiveCfg = Release|Any CPU
		{6D2D5A70-BFF3-4333-B0C1-6299E892FAB1}.Release|Any CPU.Build.0 = Release|Any CPU
		{BBFFCDB5-0B45-4831-B180-6B3C569C08CB}.Debug|Any CPU.ActiveCfg = Debug|Any CPU
		{BBFFCDB5-0B45-4831-B180-6B3C569C08CB}.Debug|Any CPU.Build.0 = Debug|Any CPU
		{BBFFCDB5-0B45-4831-B180-6B3C569C08CB}.Release|Any CPU.ActiveCfg = Release|Any CPU
		{BBFFCDB5-0B45-4831-B180-6B3C569C08CB}.Release|Any CPU.Build.0 = Release|Any CPU
		{043B25B1-AAA1-4261-BE0F-57F25E220BAA}.Debug|Any CPU.ActiveCfg = Debug|Any CPU
		{043B25B1-AAA1-4261-BE0F-57F25E220BAA}.Debug|Any CPU.Build.0 = Debug|Any CPU
		{043B25B1-AAA1-4261-BE0F-57F25E220BAA}.Release|Any CPU.ActiveCfg = Release|Any CPU
		{043B25B1-AAA1-4261-BE0F-57F25E220BAA}.Release|Any CPU.Build.0 = Release|Any CPU
		{C1B069B6-3920-42F5-B5AF-C6526533BBA2}.Debug|Any CPU.ActiveCfg = Debug|Any CPU
		{C1B069B6-3920-42F5-B5AF-C6526533BBA2}.Debug|Any CPU.Build.0 = Debug|Any CPU
		{C1B069B6-3920-42F5-B5AF-C6526533BBA2}.Release|Any CPU.ActiveCfg = Release|Any CPU
		{C1B069B6-3920-42F5-B5AF-C6526533BBA2}.Release|Any CPU.Build.0 = Release|Any CPU
		{7BCE0554-E8F2-43EA-B4F9-13E8A697D061}.Debug|Any CPU.ActiveCfg = Debug|Any CPU
		{7BCE0554-E8F2-43EA-B4F9-13E8A697D061}.Debug|Any CPU.Build.0 = Debug|Any CPU
		{7BCE0554-E8F2-43EA-B4F9-13E8A697D061}.Release|Any CPU.ActiveCfg = Release|Any CPU
		{7BCE0554-E8F2-43EA-B4F9-13E8A697D061}.Release|Any CPU.Build.0 = Release|Any CPU
	EndGlobalSection
	GlobalSection(SolutionProperties) = preSolution
		HideSolutionNode = FALSE
	EndGlobalSection
	GlobalSection(NestedProjects) = preSolution
		{4E6CD4A8-6C9E-479C-BD08-1E2A142F1FA8} = {4C862007-0FFC-48E7-A03A-AA732FB5BF98}
		{EC239095-E6BA-4A46-AD17-33E4F859729F} = {4C862007-0FFC-48E7-A03A-AA732FB5BF98}
		{C17D5B34-EE6B-41D4-8A69-6BDCB59F331F} = {4C862007-0FFC-48E7-A03A-AA732FB5BF98}
		{7BACFAB3-F315-4FBF-B7A8-B9E6B48BC82A} = {4C862007-0FFC-48E7-A03A-AA732FB5BF98}
		{992569B1-B4DB-47B8-8197-329B79B2FCB3} = {4C862007-0FFC-48E7-A03A-AA732FB5BF98}
		{6D2D5A70-BFF3-4333-B0C1-6299E892FAB1} = {EC239095-E6BA-4A46-AD17-33E4F859729F}
		{BBFFCDB5-0B45-4831-B180-6B3C569C08CB} = {C17D5B34-EE6B-41D4-8A69-6BDCB59F331F}
		{043B25B1-AAA1-4261-BE0F-57F25E220BAA} = {992569B1-B4DB-47B8-8197-329B79B2FCB3}
		{C1B069B6-3920-42F5-B5AF-C6526533BBA2} = {4E6CD4A8-6C9E-479C-BD08-1E2A142F1FA8}
		{7BCE0554-E8F2-43EA-B4F9-13E8A697D061} = {7BACFAB3-F315-4FBF-B7A8-B9E6B48BC82A}
	EndGlobalSection
	GlobalSection(ExtensibilityGlobals) = postSolution
		SolutionGuid = {1044ABB9-73A8-4D04-A888-69F2FEE8F7B4}
	EndGlobalSection
EndGlobal
